
Microsoft Visual Studio Solution File, Format Version 12.00
# Visual Studio 15
VisualStudioVersion = 15.0.28010.2048
MinimumVisualStudioVersion = 10.0.40219.1
Project("{FAE04EC0-301F-11D3-BF4B-00C04F79EFBC}") = "1612105_Report", "1612105_HQT\1612105_Report.csproj", "{6F5A4669-34EE-4B70-9D13-57FBF59BFB71}"
EndProject
Project("{FAE04EC0-301F-11D3-BF4B-00C04F79EFBC}") = "1612105_Makebill", "1612105_Makebill\1612105_Makebill.csproj", "{9CA68EA6-A0F4-4BBE-B0C2-B007DDA4A848}"
EndProject
Project("{FAE04EC0-301F-11D3-BF4B-00C04F79EFBC}") = "1612105_ChangeTK", "1612105_ChangeTK\1612105_ChangeTK.csproj", "{F0AFFD32-5378-484B-84BD-ECAF3B3CED37}"
EndProject
Global
	GlobalSection(SolutionConfigurationPlatforms) = preSolution
		Debug|Any CPU = Debug|Any CPU
		Release|Any CPU = Release|Any CPU
	EndGlobalSection
	GlobalSection(ProjectConfigurationPlatforms) = postSolution
		{6F5A4669-34EE-4B70-9D13-57FBF59BFB71}.Debug|Any CPU.ActiveCfg = Debug|Any CPU
		{6F5A4669-34EE-4B70-9D13-57FBF59BFB71}.Debug|Any CPU.Build.0 = Debug|Any CPU
		{6F5A4669-34EE-4B70-9D13-57FBF59BFB71}.Release|Any CPU.ActiveCfg = Release|Any CPU
		{6F5A4669-34EE-4B70-9D13-57FBF59BFB71}.Release|Any CPU.Build.0 = Release|Any CPU
		{9CA68EA6-A0F4-4BBE-B0C2-B007DDA4A848}.Debug|Any CPU.ActiveCfg = Debug|Any CPU
		{9CA68EA6-A0F4-4BBE-B0C2-B007DDA4A848}.Debug|Any CPU.Build.0 = Debug|Any CPU
		{9CA68EA6-A0F4-4BBE-B0C2-B007DDA4A848}.Release|Any CPU.ActiveCfg = Release|Any CPU
		{9CA68EA6-A0F4-4BBE-B0C2-B007DDA4A848}.Release|Any CPU.Build.0 = Release|Any CPU
		{F0AFFD32-5378-484B-84BD-ECAF3B3CED37}.Debug|Any CPU.ActiveCfg = Debug|Any CPU
		{F0AFFD32-5378-484B-84BD-ECAF3B3CED37}.Debug|Any CPU.Build.0 = Debug|Any CPU
		{F0AFFD32-5378-484B-84BD-ECAF3B3CED37}.Release|Any CPU.ActiveCfg = Release|Any CPU
		{F0AFFD32-5378-484B-84BD-ECAF3B3CED37}.Release|Any CPU.Build.0 = Release|Any CPU
	EndGlobalSection
	GlobalSection(SolutionProperties) = preSolution
		HideSolutionNode = FALSE
	EndGlobalSection
	GlobalSection(ExtensibilityGlobals) = postSolution
		SolutionGuid = {A61AC159-3FA6-4105-BB7C-0C1AA7516AD0}
	EndGlobalSection
EndGlobal
